
Microsoft Visual Studio Solution File, Format Version 12.00
# Visual Studio Version 17
VisualStudioVersion = 17.7.34024.191
MinimumVisualStudioVersion = 10.0.40219.1
Project("{FAE04EC0-301F-11D3-BF4B-00C04F79EFBC}") = "ASCII219", "ASCII219.csproj", "{62FB93F1-828B-4A94-997B-90A2CE75C13D}"
EndProject
Global
	GlobalSection(SolutionConfigurationPlatforms) = preSolution
		Debug|Any CPU = Debug|Any CPU
		Release|Any CPU = Release|Any CPU
	EndGlobalSection
	GlobalSection(ProjectConfigurationPlatforms) = postSolution
		{62FB93F1-828B-4A94-997B-90A2CE75C13D}.Debug|Any CPU.ActiveCfg = Debug|Any CPU
		{62FB93F1-828B-4A94-997B-90A2CE75C13D}.Debug|Any CPU.Build.0 = Debug|Any CPU
		{62FB93F1-828B-4A94-997B-90A2CE75C13D}.Release|Any CPU.ActiveCfg = Release|Any CPU
		{62FB93F1-828B-4A94-997B-90A2CE75C13D}.Release|Any CPU.Build.0 = Release|Any CPU
	EndGlobalSection
	GlobalSection(SolutionProperties) = preSolution
		HideSolutionNode = FALSE
	EndGlobalSection
	GlobalSection(ExtensibilityGlobals) = postSolution
		SolutionGuid = {0953C219-61DC-4EB7-A155-A81F4042BD54}
	EndGlobalSection
EndGlobal
